
Microsoft Visual Studio Solution File, Format Version 12.00
# Visual Studio Version 16
VisualStudioVersion = 16.0.29519.181
MinimumVisualStudioVersion = 10.0.40219.1
Project("{9A19103F-16F7-4668-BE54-9A1E7A4F7556}") = "DiceRoller", "DiceRoller\DiceRoller.csproj", "{BF9D2F78-CEBC-4440-8B7F-B6E776DE31D6}"
EndProject
Project("{FAE04EC0-301F-11D3-BF4B-00C04F79EFBC}") = "DiceRoller.Test", "DiceRoller.Test\DiceRoller.Test.csproj", "{DE0E7D42-C120-4F32-AF88-2847BB55C1D9}"
EndProject
Global
	GlobalSection(SolutionConfigurationPlatforms) = preSolution
		Debug|Any CPU = Debug|Any CPU
		Release|Any CPU = Release|Any CPU
	EndGlobalSection
	GlobalSection(ProjectConfigurationPlatforms) = postSolution
		{BF9D2F78-CEBC-4440-8B7F-B6E776DE31D6}.Debug|Any CPU.ActiveCfg = Debug|Any CPU
		{BF9D2F78-CEBC-4440-8B7F-B6E776DE31D6}.Debug|Any CPU.Build.0 = Debug|Any CPU
		{BF9D2F78-CEBC-4440-8B7F-B6E776DE31D6}.Release|Any CPU.ActiveCfg = Release|Any CPU
		{BF9D2F78-CEBC-4440-8B7F-B6E776DE31D6}.Release|Any CPU.Build.0 = Release|Any CPU
		{DE0E7D42-C120-4F32-AF88-2847BB55C1D9}.Debug|Any CPU.ActiveCfg = Debug|Any CPU
		{DE0E7D42-C120-4F32-AF88-2847BB55C1D9}.Debug|Any CPU.Build.0 = Debug|Any CPU
		{DE0E7D42-C120-4F32-AF88-2847BB55C1D9}.Release|Any CPU.ActiveCfg = Release|Any CPU
		{DE0E7D42-C120-4F32-AF88-2847BB55C1D9}.Release|Any CPU.Build.0 = Release|Any CPU
	EndGlobalSection
	GlobalSection(SolutionProperties) = preSolution
		HideSolutionNode = FALSE
	EndGlobalSection
	GlobalSection(ExtensibilityGlobals) = postSolution
		SolutionGuid = {41616684-64B4-4B4D-8B13-60E57B02D481}
	EndGlobalSection
EndGlobal
